
Microsoft Visual Studio Solution File, Format Version 12.00
# Visual Studio Version 17
VisualStudioVersion = 17.8.34316.72
MinimumVisualStudioVersion = 10.0.40219.1
Project("{FAE04EC0-301F-11D3-BF4B-00C04F79EFBC}") = "Interfleet.XIUserManagement", "XIUserManagement\Interfleet.XIUserManagement.csproj", "{A6FC29CF-34F4-42AE-8607-986A534A3228}"
EndProject
Global
	GlobalSection(SolutionConfigurationPlatforms) = preSolution
		Debug|Any CPU = Debug|Any CPU
		Release|Any CPU = Release|Any CPU
	EndGlobalSection
	GlobalSection(ProjectConfigurationPlatforms) = postSolution
		{A6FC29CF-34F4-42AE-8607-986A534A3228}.Debug|Any CPU.ActiveCfg = Debug|Any CPU
		{A6FC29CF-34F4-42AE-8607-986A534A3228}.Debug|Any CPU.Build.0 = Debug|Any CPU
		{A6FC29CF-34F4-42AE-8607-986A534A3228}.Release|Any CPU.ActiveCfg = Release|Any CPU
		{A6FC29CF-34F4-42AE-8607-986A534A3228}.Release|Any CPU.Build.0 = Release|Any CPU
	EndGlobalSection
	GlobalSection(SolutionProperties) = preSolution
		HideSolutionNode = FALSE
	EndGlobalSection
	GlobalSection(ExtensibilityGlobals) = postSolution
		SolutionGuid = {FB1AD046-CBC1-42F7-A103-669C92505F8F}
	EndGlobalSection
EndGlobal
